github.com/alex-shpak/hugo-book v0.0.0-20230424134111-d86d5e70c7c0 h1:Bj/rhvEOix4TXwbzlZttiIi+5fTOqT3aQs1zMsprIXQ=
github.com/alex-shpak/hugo-book v0.0.0-20230424134111-d86d5e70c7c0/go.mod h1:L4NMyzbn15fpLIpmmtDg9ZFFyTZzw87/lk7M2bMQ7ds=
github.com/clente/hugo-bearcub v0.0.0-20230425190722-f26d122b2ad0 h1:voCbfSmQ+zbSwKcUfYuQA89BCHGzpduS+SrWuAGLiK4=
github.com/clente/hugo-bearcub v0.0.0-20230425190722-f26d122b2ad0/go.mod h1:apcY0kKQY+CnkwsWuHiEfSrBusQgEsfAp9g065sNLFg=
github.com/guangmean/Niello v2.0.1+incompatible h1:JvoCWO3HuSwe4Aday5uXw1mTK4OPuhQHii+1h+H/7Uk=
github.com/guangmean/Niello v2.0.1+incompatible/go.mod h1:tWL/X0kRXdp678SELP/Xok8SwM8W6arlXTlfFfMVdqs=
github.com/h-enk/doks v0.5.0 h1:/pb2YhKODThnIty7ObwybJ/SNu3nyl8DqDSCbLybwd4=
github.com/h-enk/doks v0.5.0/go.mod h1:rGZyg2gJspvHYEy6mWsl3JTVVkwcSEl6G3y88GRyfk4=
github.com/h-enk/doks-child-theme v0.5.0 h1:OrLbcGv6GfhDMs8O2OK93e0hUMvV1aygJWeAdKMcdiU=
github.com/h-enk/doks-child-theme v0.5.0/go.mod h1:SCLBJIX7W4LH6rbaY9v31i1fwk0DRYoVwDWNMiRpE78=
github.com/hugo-sid/hugo-blog-awesome v0.0.0-20230428154514-ab263ddb8e76 h1:gBAqcvY2Hg1EJ5lfbfW2FB2tSNdbom9IlzpAWM9+dDQ=
github.com/hugo-sid/hugo-blog-awesome v0.0.0-20230428154514-ab263ddb8e76/go.mod h1:oRoqH9/bJDdyQqBoxI77O1oWAwVtn+fTng9MD3vR8A0=
github.com/sbruder/spectral v0.0.0-20230306171048-8463c525fb19 h1:phqQz6uIvQS8pKKLbpKPj8Mb4Ex03YDOqLPdM84/bEU=
github.com/sbruder/spectral v0.0.0-20230306171048-8463c525fb19/go.mod h1:CHnkp+QVfAbCTODPDirPd9CsuN9TMF7eqYXKiw+KaMM=
github.com/serkodev/holy v0.0.0-20221206094014-6c3be2194534 h1:6VvfQpLBY36OfoC52TXw8pk5YvooEHAfkQ5SxQ2d4pY=
github.com/serkodev/holy v0.0.0-20221206094014-6c3be2194534/go.mod h1:DkatpwWKNZ8djg808hh7hGEPvQKmKaYGXPWQeWcqCfE=
github.com/thingsym/hugo-theme-techdoc v0.9.9 h1:7eHNfuf0x86MtLmUPhKCUoQ6cR/Iuwqm9TPtHtuUAkc=
github.com/thingsym/hugo-theme-techdoc v0.9.9/go.mod h1:HgH3EWQ4j2sDjNP8UBio6zyZim8RnfJCY1gTWxVGcxA=
github.com/vimux/mainroad v0.0.0-20230425163511-ec8a1a08c2fc h1:ETB+lCNXzv2y027uLjnX6aCFYK4soUGn4uW5RyUZmUE=
github.com/vimux/mainroad v0.0.0-20230425163511-ec8a1a08c2fc/go.mod h1:Gk9iXsARNmAg+2szyzue3lvbLsvJQPNmKqOrbSjYCPM=
